
Microsoft Visual Studio Solution File, Format Version 12.00
# Visual Studio Version 16
VisualStudioVersion = 16.0.30128.74
MinimumVisualStudioVersion = 10.0.40219.1
Project("{FAE04EC0-301F-11D3-BF4B-00C04F79EFBC}") = "GetCurrentDirectory", "GetCurrentDirectory.csproj", "{408D570E-6B74-43BF-B08E-9E66B506AC77}"
EndProject
Global
	GlobalSection(SolutionConfigurationPlatforms) = preSolution
		Debug|Any CPU = Debug|Any CPU
		Release|Any CPU = Release|Any CPU
	EndGlobalSection
	GlobalSection(ProjectConfigurationPlatforms) = postSolution
		{408D570E-6B74-43BF-B08E-9E66B506AC77}.Debug|Any CPU.ActiveCfg = Debug|Any CPU
		{408D570E-6B74-43BF-B08E-9E66B506AC77}.Debug|Any CPU.Build.0 = Debug|Any CPU
		{408D570E-6B74-43BF-B08E-9E66B506AC77}.Release|Any CPU.ActiveCfg = Release|Any CPU
		{408D570E-6B74-43BF-B08E-9E66B506AC77}.Release|Any CPU.Build.0 = Release|Any CPU
	EndGlobalSection
	GlobalSection(SolutionProperties) = preSolution
		HideSolutionNode = FALSE
	EndGlobalSection
	GlobalSection(ExtensibilityGlobals) = postSolution
		SolutionGuid = {79DDF6F4-8542-4F89-862F-701EF85CF6DF}
	EndGlobalSection
EndGlobal
