
Microsoft Visual Studio Solution File, Format Version 12.00
# Visual Studio Version 16
VisualStudioVersion = 16.0.30002.166
MinimumVisualStudioVersion = 10.0.40219.1
Project("{FAE04EC0-301F-11D3-BF4B-00C04F79EFBC}") = "EnDeCrypter", "EnDeCrypter\EnDeCrypter.csproj", "{0FA5ED94-0132-414F-8262-E91FFE308B71}"
EndProject
Global
	GlobalSection(SolutionConfigurationPlatforms) = preSolution
		Debug|Any CPU = Debug|Any CPU
		Release|Any CPU = Release|Any CPU
	EndGlobalSection
	GlobalSection(ProjectConfigurationPlatforms) = postSolution
		{0FA5ED94-0132-414F-8262-E91FFE308B71}.Debug|Any CPU.ActiveCfg = Debug|Any CPU
		{0FA5ED94-0132-414F-8262-E91FFE308B71}.Debug|Any CPU.Build.0 = Debug|Any CPU
		{0FA5ED94-0132-414F-8262-E91FFE308B71}.Release|Any CPU.ActiveCfg = Release|Any CPU
		{0FA5ED94-0132-414F-8262-E91FFE308B71}.Release|Any CPU.Build.0 = Release|Any CPU
	EndGlobalSection
	GlobalSection(SolutionProperties) = preSolution
		HideSolutionNode = FALSE
	EndGlobalSection
	GlobalSection(ExtensibilityGlobals) = postSolution
		SolutionGuid = {5EF541BE-BC86-4D57-8018-5726396DE3F3}
	EndGlobalSection
EndGlobal
