
Microsoft Visual Studio Solution File, Format Version 12.00
# Visual Studio Version 16
VisualStudioVersion = 16.0.30002.166
MinimumVisualStudioVersion = 10.0.40219.1
Project("{FAE04EC0-301F-11D3-BF4B-00C04F79EFBC}") = "ProgressBar", "ProgressBar\ProgressBar.csproj", "{D04854C2-B2B3-4BDC-BE35-3088C26C45A9}"
EndProject
Global
	GlobalSection(SolutionConfigurationPlatforms) = preSolution
		Debug|Any CPU = Debug|Any CPU
		Release|Any CPU = Release|Any CPU
	EndGlobalSection
	GlobalSection(ProjectConfigurationPlatforms) = postSolution
		{D04854C2-B2B3-4BDC-BE35-3088C26C45A9}.Debug|Any CPU.ActiveCfg = Debug|Any CPU
		{D04854C2-B2B3-4BDC-BE35-3088C26C45A9}.Debug|Any CPU.Build.0 = Debug|Any CPU
		{D04854C2-B2B3-4BDC-BE35-3088C26C45A9}.Release|Any CPU.ActiveCfg = Release|Any CPU
		{D04854C2-B2B3-4BDC-BE35-3088C26C45A9}.Release|Any CPU.Build.0 = Release|Any CPU
	EndGlobalSection
	GlobalSection(SolutionProperties) = preSolution
		HideSolutionNode = FALSE
	EndGlobalSection
	GlobalSection(ExtensibilityGlobals) = postSolution
		SolutionGuid = {B947C822-46F6-47F8-8882-77873DC606AD}
	EndGlobalSection
EndGlobal
