
Microsoft Visual Studio Solution File, Format Version 12.00
# Visual Studio Version 16
VisualStudioVersion = 16.0.30406.217
MinimumVisualStudioVersion = 10.0.40219.1
Project("{FAE04EC0-301F-11D3-BF4B-00C04F79EFBC}") = "WriteToEventViewer", "WriteToEventViewer.csproj", "{77EDF5D7-A12A-4C5F-8C10-EF13E04ED9AA}"
EndProject
Global
	GlobalSection(SolutionConfigurationPlatforms) = preSolution
		Debug|Any CPU = Debug|Any CPU
		Release|Any CPU = Release|Any CPU
	EndGlobalSection
	GlobalSection(ProjectConfigurationPlatforms) = postSolution
		{77EDF5D7-A12A-4C5F-8C10-EF13E04ED9AA}.Debug|Any CPU.ActiveCfg = Debug|Any CPU
		{77EDF5D7-A12A-4C5F-8C10-EF13E04ED9AA}.Debug|Any CPU.Build.0 = Debug|Any CPU
		{77EDF5D7-A12A-4C5F-8C10-EF13E04ED9AA}.Release|Any CPU.ActiveCfg = Release|Any CPU
		{77EDF5D7-A12A-4C5F-8C10-EF13E04ED9AA}.Release|Any CPU.Build.0 = Release|Any CPU
	EndGlobalSection
	GlobalSection(SolutionProperties) = preSolution
		HideSolutionNode = FALSE
	EndGlobalSection
	GlobalSection(ExtensibilityGlobals) = postSolution
		SolutionGuid = {7429B8B4-646A-41D6-B838-51D883560A3B}
	EndGlobalSection
EndGlobal
