
Microsoft Visual Studio Solution File, Format Version 12.00
# Visual Studio Version 16
VisualStudioVersion = 16.0.29709.97
MinimumVisualStudioVersion = 10.0.40219.1
Project("{FAE04EC0-301F-11D3-BF4B-00C04F79EFBC}") = "WPF_ComboBoxBindingToEnum", "WPF_ComboBoxBindingToEnum\WPF_ComboBoxBindingToEnum.csproj", "{0F4BB674-841A-4DB6-BC58-59B79F5B6A99}"
EndProject
Global
	GlobalSection(SolutionConfigurationPlatforms) = preSolution
		Debug|Any CPU = Debug|Any CPU
		Release|Any CPU = Release|Any CPU
	EndGlobalSection
	GlobalSection(ProjectConfigurationPlatforms) = postSolution
		{0F4BB674-841A-4DB6-BC58-59B79F5B6A99}.Debug|Any CPU.ActiveCfg = Debug|Any CPU
		{0F4BB674-841A-4DB6-BC58-59B79F5B6A99}.Debug|Any CPU.Build.0 = Debug|Any CPU
		{0F4BB674-841A-4DB6-BC58-59B79F5B6A99}.Release|Any CPU.ActiveCfg = Release|Any CPU
		{0F4BB674-841A-4DB6-BC58-59B79F5B6A99}.Release|Any CPU.Build.0 = Release|Any CPU
	EndGlobalSection
	GlobalSection(SolutionProperties) = preSolution
		HideSolutionNode = FALSE
	EndGlobalSection
	GlobalSection(ExtensibilityGlobals) = postSolution
		SolutionGuid = {4F521A6D-44F5-4CCD-8E67-F8ACA87ADCA8}
	EndGlobalSection
EndGlobal
