
Microsoft Visual Studio Solution File, Format Version 12.00
# Visual Studio Version 16
VisualStudioVersion = 16.0.30225.117
MinimumVisualStudioVersion = 10.0.40219.1
Project("{FAE04EC0-301F-11D3-BF4B-00C04F79EFBC}") = "Round", "Round.csproj", "{10D01FA9-E2A6-4AE0-A631-2750D8373956}"
EndProject
Global
	GlobalSection(SolutionConfigurationPlatforms) = preSolution
		Debug|Any CPU = Debug|Any CPU
		Release|Any CPU = Release|Any CPU
	EndGlobalSection
	GlobalSection(ProjectConfigurationPlatforms) = postSolution
		{10D01FA9-E2A6-4AE0-A631-2750D8373956}.Debug|Any CPU.ActiveCfg = Debug|Any CPU
		{10D01FA9-E2A6-4AE0-A631-2750D8373956}.Debug|Any CPU.Build.0 = Debug|Any CPU
		{10D01FA9-E2A6-4AE0-A631-2750D8373956}.Release|Any CPU.ActiveCfg = Release|Any CPU
		{10D01FA9-E2A6-4AE0-A631-2750D8373956}.Release|Any CPU.Build.0 = Release|Any CPU
	EndGlobalSection
	GlobalSection(SolutionProperties) = preSolution
		HideSolutionNode = FALSE
	EndGlobalSection
	GlobalSection(ExtensibilityGlobals) = postSolution
		SolutionGuid = {466ABE7E-B13B-459B-A0DA-411E7ABCF121}
	EndGlobalSection
EndGlobal
